
Microsoft Visual Studio Solution File, Format Version 12.00
# Visual Studio Version 17
VisualStudioVersion = 17.0.32112.339
MinimumVisualStudioVersion = 10.0.40219.1
Project("{9A19103F-16F7-4668-BE54-9A1E7A4F7556}") = "Calculator_gRPC.BL", "Calculator_gRPC.BL\Calculator_gRPC.BL.csproj", "{8BE336C9-383F-4D5E-B187-AB75633E3D62}"
EndProject
Project("{FAE04EC0-301F-11D3-BF4B-00C04F79EFBC}") = "Calculator_gRPC.BL.Tests", "Calculator_gRPC.BL.Tests\Calculator_gRPC.BL.Tests.csproj", "{2A5648D1-7890-453D-987E-137DE1A2B0A8}"
EndProject
Global
	GlobalSection(SolutionConfigurationPlatforms) = preSolution
		Debug|Any CPU = Debug|Any CPU
		Release|Any CPU = Release|Any CPU
	EndGlobalSection
	GlobalSection(ProjectConfigurationPlatforms) = postSolution
		{8BE336C9-383F-4D5E-B187-AB75633E3D62}.Debug|Any CPU.ActiveCfg = Debug|Any CPU
		{8BE336C9-383F-4D5E-B187-AB75633E3D62}.Debug|Any CPU.Build.0 = Debug|Any CPU
		{8BE336C9-383F-4D5E-B187-AB75633E3D62}.Release|Any CPU.ActiveCfg = Release|Any CPU
		{8BE336C9-383F-4D5E-B187-AB75633E3D62}.Release|Any CPU.Build.0 = Release|Any CPU
		{2A5648D1-7890-453D-987E-137DE1A2B0A8}.Debug|Any CPU.ActiveCfg = Debug|Any CPU
		{2A5648D1-7890-453D-987E-137DE1A2B0A8}.Debug|Any CPU.Build.0 = Debug|Any CPU
		{2A5648D1-7890-453D-987E-137DE1A2B0A8}.Release|Any CPU.ActiveCfg = Release|Any CPU
		{2A5648D1-7890-453D-987E-137DE1A2B0A8}.Release|Any CPU.Build.0 = Release|Any CPU
	EndGlobalSection
	GlobalSection(SolutionProperties) = preSolution
		HideSolutionNode = FALSE
	EndGlobalSection
	GlobalSection(ExtensibilityGlobals) = postSolution
		SolutionGuid = {EC61AD41-2C34-4D0D-A9D6-4DDAAD624D23}
	EndGlobalSection
EndGlobal
